# Generated by buf. DO NOT EDIT.
version: v1
deps:
  - remote: buf.build
    owner: cosmos
    repository: cosmos-proto
    commit: 1935555c206d4afb9e94615dfd0fad31
    digest: shake256:c74d91a3ac7ae07d579e90eee33abf9b29664047ac8816500cf22c081fec0d72d62c89ce0bebafc1f6fec7aa5315be72606717740ca95007248425102c365377
  - remote: buf.build
    owner: cosmos
    repository: cosmos-sdk
    commit: 5a6ab7bc14314acaa912d5e53aef1c2f
    digest: shake256:02c00c73493720055f9b57553a35b5550023a3c1914123b247956288a78fb913aff70e66552777ae14d759467e119079d484af081264a5dd607a94d9fbc8116b
  - remote: buf.build
    owner: cosmos
    repository: gogo-proto
    commit: 88ef6483f90f478fb938c37dde52ece3
    digest: shake256:89c45df2aa11e0cff97b0d695436713db3d993d76792e9f8dc1ae90e6ab9a9bec55503d48ceedd6b86069ab07d3041b32001b2bfe0227fa725dd515ff381e5ba
  - remote: buf.build
    owner: cosmos
    repository: ibc
    commit: e2006674271c4a53bf0b98b66de0fc50
    digest: shake256:0b14a68d79c8e911da13735affed05674e2d81f157a9a804f8761db29fba77f61af1e711181cfde8bbf3a81a81c0ac9f553b269f95d59896dd193251aa35929e
  - remote: buf.build
    owner: cosmos
    repository: ics23
    commit: a9ee7c290ef34ee69d3f141b9b44dcee
    digest: shake256:255dbee3e92a370723bf4d72b34868b18e7570543f30f79c0c8c10a5a332d230175e0c29cb7ebcb8020706312e3cd37c23974df0bacfb60a4afb968fee4c1afc
  - remote: buf.build
    owner: googleapis
    repository: googleapis
    commit: 7a6bc1e3207144b38e9066861e1de0ff
    digest: shake256:d646836485c34192401253703c4e7ce899c826fceec060bf4b2a62c4749bd9976dc960833e134a1f814725e1ffd60b1bb3cf0335a7e99ef0e8cec34b070ffb66
  - remote: buf.build
    owner: protocolbuffers
    repository: wellknowntypes
    commit: 3186086b2a8e44d9acdeeef2423c5de7
    digest: shake256:3b9dc2f56d9ed2e4001f95b701985fd803f7e2559b19b6a18d5f4e792cfdde320e765638de69fff037edc202b0006532d7ff19eab9465526b5ec628e4a5e5a1a
